
Microsoft Visual Studio Solution File, Format Version 12.00
# Visual Studio Version 16
VisualStudioVersion = 16.0.29326.143
MinimumVisualStudioVersion = 10.0.40219.1
Project("{FAE04EC0-301F-11D3-BF4B-00C04F79EFBC}") = "api", "api\api.csproj", "{22F71117-06C2-4C72-A89E-DE6E707E854D}"
EndProject
Project("{FAE04EC0-301F-11D3-BF4B-00C04F79EFBC}") = "database", "database\database.csproj", "{7EDD63CB-5362-4198-B8A7-677ADEBC0C15}"
EndProject
Project("{FAE04EC0-301F-11D3-BF4B-00C04F79EFBC}") = "import", "import\import.csproj", "{62D28B97-D08D-464C-B0DE-F74AE359D272}"
EndProject
Global
	GlobalSection(SolutionConfigurationPlatforms) = preSolution
		Debug|Any CPU = Debug|Any CPU
		Release|Any CPU = Release|Any CPU
	EndGlobalSection
	GlobalSection(ProjectConfigurationPlatforms) = postSolution
		{22F71117-06C2-4C72-A89E-DE6E707E854D}.Debug|Any CPU.ActiveCfg = Debug|Any CPU
		{22F71117-06C2-4C72-A89E-DE6E707E854D}.Debug|Any CPU.Build.0 = Debug|Any CPU
		{22F71117-06C2-4C72-A89E-DE6E707E854D}.Release|Any CPU.ActiveCfg = Release|Any CPU
		{22F71117-06C2-4C72-A89E-DE6E707E854D}.Release|Any CPU.Build.0 = Release|Any CPU
		{7EDD63CB-5362-4198-B8A7-677ADEBC0C15}.Debug|Any CPU.ActiveCfg = Debug|Any CPU
		{7EDD63CB-5362-4198-B8A7-677ADEBC0C15}.Debug|Any CPU.Build.0 = Debug|Any CPU
		{7EDD63CB-5362-4198-B8A7-677ADEBC0C15}.Release|Any CPU.ActiveCfg = Release|Any CPU
		{7EDD63CB-5362-4198-B8A7-677ADEBC0C15}.Release|Any CPU.Build.0 = Release|Any CPU
		{62D28B97-D08D-464C-B0DE-F74AE359D272}.Debug|Any CPU.ActiveCfg = Debug|Any CPU
		{62D28B97-D08D-464C-B0DE-F74AE359D272}.Debug|Any CPU.Build.0 = Debug|Any CPU
		{62D28B97-D08D-464C-B0DE-F74AE359D272}.Release|Any CPU.ActiveCfg = Release|Any CPU
		{62D28B97-D08D-464C-B0DE-F74AE359D272}.Release|Any CPU.Build.0 = Release|Any CPU
	EndGlobalSection
	GlobalSection(SolutionProperties) = preSolution
		HideSolutionNode = FALSE
	EndGlobalSection
	GlobalSection(ExtensibilityGlobals) = postSolution
		SolutionGuid = {943FFD0E-54ED-473F-8895-80C395E87F76}
	EndGlobalSection
EndGlobal
